
Microsoft Visual Studio Solution File, Format Version 12.00
# Visual Studio Version 16
VisualStudioVersion = 16.0.28803.352
MinimumVisualStudioVersion = 10.0.40219.1
Project("{FAE04EC0-301F-11D3-BF4B-00C04F79EFBC}") = "YY_Navigation.Android", "YY_Navigation\YY_Navigation.Android\YY_Navigation.Android.csproj", "{B5EB8207-7EF5-4EF4-B07C-D79420E2D262}"
EndProject
Project("{FAE04EC0-301F-11D3-BF4B-00C04F79EFBC}") = "YY_Navigation", "YY_Navigation\YY_Navigation\YY_Navigation.csproj", "{20502A15-8955-4E9A-8A45-EBA447909BAB}"
EndProject
Global
	GlobalSection(SolutionConfigurationPlatforms) = preSolution
		Debug|Any CPU = Debug|Any CPU
		Release|Any CPU = Release|Any CPU
	EndGlobalSection
	GlobalSection(ProjectConfigurationPlatforms) = postSolution
		{B5EB8207-7EF5-4EF4-B07C-D79420E2D262}.Debug|Any CPU.ActiveCfg = Debug|Any CPU
		{B5EB8207-7EF5-4EF4-B07C-D79420E2D262}.Debug|Any CPU.Build.0 = Debug|Any CPU
		{B5EB8207-7EF5-4EF4-B07C-D79420E2D262}.Debug|Any CPU.Deploy.0 = Debug|Any CPU
		{B5EB8207-7EF5-4EF4-B07C-D79420E2D262}.Release|Any CPU.ActiveCfg = Release|Any CPU
		{B5EB8207-7EF5-4EF4-B07C-D79420E2D262}.Release|Any CPU.Build.0 = Release|Any CPU
		{B5EB8207-7EF5-4EF4-B07C-D79420E2D262}.Release|Any CPU.Deploy.0 = Release|Any CPU
		{20502A15-8955-4E9A-8A45-EBA447909BAB}.Debug|Any CPU.ActiveCfg = Debug|Any CPU
		{20502A15-8955-4E9A-8A45-EBA447909BAB}.Debug|Any CPU.Build.0 = Debug|Any CPU
		{20502A15-8955-4E9A-8A45-EBA447909BAB}.Debug|Any CPU.Deploy.0 = Debug|Any CPU
		{20502A15-8955-4E9A-8A45-EBA447909BAB}.Release|Any CPU.ActiveCfg = Release|Any CPU
		{20502A15-8955-4E9A-8A45-EBA447909BAB}.Release|Any CPU.Build.0 = Release|Any CPU
		{20502A15-8955-4E9A-8A45-EBA447909BAB}.Release|Any CPU.Deploy.0 = Release|Any CPU
	EndGlobalSection
	GlobalSection(SolutionProperties) = preSolution
		HideSolutionNode = FALSE
	EndGlobalSection
	GlobalSection(ExtensibilityGlobals) = postSolution
		SolutionGuid = {39CE0D94-42A4-47BF-ACB7-937A2D2FD6F8}
	EndGlobalSection
EndGlobal
